
Microsoft Visual Studio Solution File, Format Version 12.00
Project("{FAE04EC0-301F-11D3-BF4B-00C04F79EFBC}") = "DOTNETA2", "DOTNETA2\DOTNETA2.csproj", "{FA2B438A-097A-467F-9497-C6AF2341B202}"
EndProject
Project("{FAE04EC0-301F-11D3-BF4B-00C04F79EFBC}") = "NUnitA2", "NUnitA2\NUnitA2.csproj", "{711FBF43-415D-4163-B679-76D0F9C97BEE}"
EndProject
Global
	GlobalSection(SolutionConfigurationPlatforms) = preSolution
		Debug|Any CPU = Debug|Any CPU
		Release|Any CPU = Release|Any CPU
	EndGlobalSection
	GlobalSection(ProjectConfigurationPlatforms) = postSolution
		{FA2B438A-097A-467F-9497-C6AF2341B202}.Debug|Any CPU.ActiveCfg = Debug|Any CPU
		{FA2B438A-097A-467F-9497-C6AF2341B202}.Debug|Any CPU.Build.0 = Debug|Any CPU
		{FA2B438A-097A-467F-9497-C6AF2341B202}.Release|Any CPU.ActiveCfg = Release|Any CPU
		{FA2B438A-097A-467F-9497-C6AF2341B202}.Release|Any CPU.Build.0 = Release|Any CPU
		{711FBF43-415D-4163-B679-76D0F9C97BEE}.Debug|Any CPU.ActiveCfg = Debug|Any CPU
		{711FBF43-415D-4163-B679-76D0F9C97BEE}.Debug|Any CPU.Build.0 = Debug|Any CPU
		{711FBF43-415D-4163-B679-76D0F9C97BEE}.Release|Any CPU.ActiveCfg = Release|Any CPU
		{711FBF43-415D-4163-B679-76D0F9C97BEE}.Release|Any CPU.Build.0 = Release|Any CPU
	EndGlobalSection
EndGlobal
